
Microsoft Visual Studio Solution File, Format Version 12.00
# Visual Studio 15
VisualStudioVersion = 15.0.28307.168
MinimumVisualStudioVersion = 10.0.40219.1
Project("{FAE04EC0-301F-11D3-BF4B-00C04F79EFBC}") = "threadpool_example", "threadpool_example\threadpool_example.csproj", "{750B8A36-4D4D-4105-9ED8-2BC1820ACC1D}"
EndProject
Global
	GlobalSection(SolutionConfigurationPlatforms) = preSolution
		Debug|Any CPU = Debug|Any CPU
		Release|Any CPU = Release|Any CPU
	EndGlobalSection
	GlobalSection(ProjectConfigurationPlatforms) = postSolution
		{750B8A36-4D4D-4105-9ED8-2BC1820ACC1D}.Debug|Any CPU.ActiveCfg = Debug|Any CPU
		{750B8A36-4D4D-4105-9ED8-2BC1820ACC1D}.Debug|Any CPU.Build.0 = Debug|Any CPU
		{750B8A36-4D4D-4105-9ED8-2BC1820ACC1D}.Release|Any CPU.ActiveCfg = Release|Any CPU
		{750B8A36-4D4D-4105-9ED8-2BC1820ACC1D}.Release|Any CPU.Build.0 = Release|Any CPU
	EndGlobalSection
	GlobalSection(SolutionProperties) = preSolution
		HideSolutionNode = FALSE
	EndGlobalSection
	GlobalSection(ExtensibilityGlobals) = postSolution
		SolutionGuid = {7E5EA82E-7DC0-475F-A051-5219E0D6D51F}
	EndGlobalSection
EndGlobal
